
Microsoft Visual Studio Solution File, Format Version 12.00
# Visual Studio 15
VisualStudioVersion = 15.0.28307.271
MinimumVisualStudioVersion = 10.0.40219.1
Project("{8BC9CEB8-8B4A-11D0-8D11-00A0C91BC942}") = "Hash2", "Hash2\Hash2.vcxproj", "{7415E727-5413-44F4-9193-036377F657F8}"
EndProject
Global
	GlobalSection(SolutionConfigurationPlatforms) = preSolution
		Debug|x64 = Debug|x64
		Debug|x86 = Debug|x86
		Release|x64 = Release|x64
		Release|x86 = Release|x86
	EndGlobalSection
	GlobalSection(ProjectConfigurationPlatforms) = postSolution
		{7415E727-5413-44F4-9193-036377F657F8}.Debug|x64.ActiveCfg = Debug|x64
		{7415E727-5413-44F4-9193-036377F657F8}.Debug|x64.Build.0 = Debug|x64
		{7415E727-5413-44F4-9193-036377F657F8}.Debug|x86.ActiveCfg = Debug|Win32
		{7415E727-5413-44F4-9193-036377F657F8}.Debug|x86.Build.0 = Debug|Win32
		{7415E727-5413-44F4-9193-036377F657F8}.Release|x64.ActiveCfg = Release|x64
		{7415E727-5413-44F4-9193-036377F657F8}.Release|x64.Build.0 = Release|x64
		{7415E727-5413-44F4-9193-036377F657F8}.Release|x86.ActiveCfg = Release|Win32
		{7415E727-5413-44F4-9193-036377F657F8}.Release|x86.Build.0 = Release|Win32
	EndGlobalSection
	GlobalSection(SolutionProperties) = preSolution
		HideSolutionNode = FALSE
	EndGlobalSection
	GlobalSection(ExtensibilityGlobals) = postSolution
		SolutionGuid = {F7AC8427-1526-4FF6-BF6C-DFC114E8B3D7}
	EndGlobalSection
EndGlobal
